// !$*UTF8*$!
{
	archiveVersion = 1;
	classes = {
	};
	objectVersion = 46;
	objects = {

/* Begin PBXBuildFile section */
		D8EEF7021E26621D00F0ED1F /* compare.cc in Sources */ = {isa = PBXBuildFile; fileRef = D8EEF6D41E26621D00F0ED1F /* compare.cc */; };
		D8EEF7031E26621D00F0ED1F /* compare_common.cc in Sources */ = {isa = PBXBuildFile; fileRef = D8EEF6D51E26621D00F0ED1F /* compare_common.cc */; };
		D8EEF7041E26621D00F0ED1F /* compare_gcc.cc in Sources */ = {isa = PBXBuildFile; fileRef = D8EEF6D61E26621D00F0ED1F /* compare_gcc.cc */; };
		D8EEF7051E26621D00F0ED1F /* compare_neon.cc in Sources */ = {isa = PBXBuildFile; fileRef = D8EEF6D71E26621D00F0ED1F /* compare_neon.cc */; };
		D8EEF7061E26621D00F0ED1F /* compare_neon64.cc in Sources */ = {isa = PBXBuildFile; fileRef = D8EEF6D81E26621D00F0ED1F /* compare_neon64.cc */; };
		D8EEF7071E26621D00F0ED1F /* compare_win.cc in Sources */ = {isa = PBXBuildFile; fileRef = D8EEF6D91E26621D00F0ED1F /* compare_win.cc */; };
		D8EEF7081E26621D00F0ED1F /* convert.cc in Sources */ = {isa = PBXBuildFile; fileRef = D8EEF6DA1E26621D00F0ED1F /* convert.cc */; };
		D8EEF7091E26621D00F0ED1F /* convert_argb.cc in Sources */ = {isa = PBXBuildFile; fileRef = D8EEF6DB1E26621D00F0ED1F /* convert_argb.cc */; };
		D8EEF70A1E26621D00F0ED1F /* convert_from.cc in Sources */ = {isa = PBXBuildFile; fileRef = D8EEF6DC1E26621D00F0ED1F /* convert_from.cc */; };
		D8EEF70B1E26621D00F0ED1F /* convert_from_argb.cc in Sources */ = {isa = PBXBuildFile; fileRef = D8EEF6DD1E26621D00F0ED1F /* convert_from_argb.cc */; };
		D8EEF70C1E26621D00F0ED1F /* convert_jpeg.cc in Sources */ = {isa = PBXBuildFile; fileRef = D8EEF6DE1E26621D00F0ED1F /* convert_jpeg.cc */; };
		D8EEF70D1E26621D00F0ED1F /* convert_to_argb.cc in Sources */ = {isa = PBXBuildFile; fileRef = D8EEF6DF1E26621D00F0ED1F /* convert_to_argb.cc */; };
		D8EEF70E1E26621D00F0ED1F /* convert_to_i420.cc in Sources */ = {isa = PBXBuildFile; fileRef = D8EEF6E01E26621D00F0ED1F /* convert_to_i420.cc */; };
		D8EEF70F1E26621D00F0ED1F /* cpu_id.cc in Sources */ = {isa = PBXBuildFile; fileRef = D8EEF6E11E26621D00F0ED1F /* cpu_id.cc */; };
		D8EEF7101E26621D00F0ED1F /* mjpeg_decoder.cc in Sources */ = {isa = PBXBuildFile; fileRef = D8EEF6E21E26621D00F0ED1F /* mjpeg_decoder.cc */; };
		D8EEF7111E26621D00F0ED1F /* mjpeg_validate.cc in Sources */ = {isa = PBXBuildFile; fileRef = D8EEF6E31E26621D00F0ED1F /* mjpeg_validate.cc */; };
		D8EEF7121E26621D00F0ED1F /* planar_functions.cc in Sources */ = {isa = PBXBuildFile; fileRef = D8EEF6E41E26621D00F0ED1F /* planar_functions.cc */; };
		D8EEF7131E26621D00F0ED1F /* rotate.cc in Sources */ = {isa = PBXBuildFile; fileRef = D8EEF6E51E26621D00F0ED1F /* rotate.cc */; };
		D8EEF7141E26621D00F0ED1F /* rotate_any.cc in Sources */ = {isa = PBXBuildFile; fileRef = D8EEF6E61E26621D00F0ED1F /* rotate_any.cc */; };
		D8EEF7151E26621D00F0ED1F /* rotate_argb.cc in Sources */ = {isa = PBXBuildFile; fileRef = D8EEF6E71E26621D00F0ED1F /* rotate_argb.cc */; };
		D8EEF7161E26621D00F0ED1F /* rotate_common.cc in Sources */ = {isa = PBXBuildFile; fileRef = D8EEF6E81E26621D00F0ED1F /* rotate_common.cc */; };
		D8EEF7171E26621D00F0ED1F /* rotate_gcc.cc in Sources */ = {isa = PBXBuildFile; fileRef = D8EEF6E91E26621D00F0ED1F /* rotate_gcc.cc */; };
		D8EEF7181E26621D00F0ED1F /* rotate_mips.cc in Sources */ = {isa = PBXBuildFile; fileRef = D8EEF6EA1E26621D00F0ED1F /* rotate_mips.cc */; };
		D8EEF7191E26621D00F0ED1F /* rotate_msa.cc in Sources */ = {isa = PBXBuildFile; fileRef = D8EEF6EB1E26621D00F0ED1F /* rotate_msa.cc */; };
		D8EEF71A1E26621D00F0ED1F /* rotate_neon.cc in Sources */ = {isa = PBXBuildFile; fileRef = D8EEF6EC1E26621D00F0ED1F /* rotate_neon.cc */; };
		D8EEF71B1E26621D00F0ED1F /* rotate_neon64.cc in Sources */ = {isa = PBXBuildFile; fileRef = D8EEF6ED1E26621D00F0ED1F /* rotate_neon64.cc */; };
		D8EEF71C1E26621D00F0ED1F /* rotate_win.cc in Sources */ = {isa = PBXBuildFile; fileRef = D8EEF6EE1E26621D00F0ED1F /* rotate_win.cc */; };
		D8EEF71D1E26621D00F0ED1F /* row_any.cc in Sources */ = {isa = PBXBuildFile; fileRef = D8EEF6EF1E26621D00F0ED1F /* row_any.cc */; };
		D8EEF71E1E26621D00F0ED1F /* row_common.cc in Sources */ = {isa = PBXBuildFile; fileRef = D8EEF6F01E26621D00F0ED1F /* row_common.cc */; };
		D8EEF71F1E26621D00F0ED1F /* row_gcc.cc in Sources */ = {isa = PBXBuildFile; fileRef = D8EEF6F11E26621D00F0ED1F /* row_gcc.cc */; };
		D8EEF7201E26621D00F0ED1F /* row_mips.cc in Sources */ = {isa = PBXBuildFile; fileRef = D8EEF6F21E26621D00F0ED1F /* row_mips.cc */; };
		D8EEF7211E26621D00F0ED1F /* row_msa.cc in Sources */ = {isa = PBXBuildFile; fileRef = D8EEF6F31E26621D00F0ED1F /* row_msa.cc */; };
		D8EEF7221E26621D00F0ED1F /* row_neon.cc in Sources */ = {isa = PBXBuildFile; fileRef = D8EEF6F41E26621D00F0ED1F /* row_neon.cc */; };
		D8EEF7231E26621D00F0ED1F /* row_neon64.cc in Sources */ = {isa = PBXBuildFile; fileRef = D8EEF6F51E26621D00F0ED1F /* row_neon64.cc */; };
		D8EEF7241E26621D00F0ED1F /* row_win.cc in Sources */ = {isa = PBXBuildFile; fileRef = D8EEF6F61E26621D00F0ED1F /* row_win.cc */; };
		D8EEF7251E26621D00F0ED1F /* scale.cc in Sources */ = {isa = PBXBuildFile; fileRef = D8EEF6F71E26621D00F0ED1F /* scale.cc */; };
		D8EEF7261E26621D00F0ED1F /* scale_any.cc in Sources */ = {isa = PBXBuildFile; fileRef = D8EEF6F81E26621D00F0ED1F /* scale_any.cc */; };
		D8EEF7271E26621D00F0ED1F /* scale_argb.cc in Sources */ = {isa = PBXBuildFile; fileRef = D8EEF6F91E26621D00F0ED1F /* scale_argb.cc */; };
		D8EEF7281E26621D00F0ED1F /* scale_common.cc in Sources */ = {isa = PBXBuildFile; fileRef = D8EEF6FA1E26621D00F0ED1F /* scale_common.cc */; };
		D8EEF7291E26621D00F0ED1F /* scale_gcc.cc in Sources */ = {isa = PBXBuildFile; fileRef = D8EEF6FB1E26621D00F0ED1F /* scale_gcc.cc */; };
		D8EEF72A1E26621D00F0ED1F /* scale_mips.cc in Sources */ = {isa = PBXBuildFile; fileRef = D8EEF6FC1E26621D00F0ED1F /* scale_mips.cc */; };
		D8EEF72B1E26621D00F0ED1F /* scale_msa.cc in Sources */ = {isa = PBXBuildFile; fileRef = D8EEF6FD1E26621D00F0ED1F /* scale_msa.cc */; };
		D8EEF72C1E26621D00F0ED1F /* scale_neon.cc in Sources */ = {isa = PBXBuildFile; fileRef = D8EEF6FE1E26621D00F0ED1F /* scale_neon.cc */; };
		D8EEF72D1E26621D00F0ED1F /* scale_neon64.cc in Sources */ = {isa = PBXBuildFile; fileRef = D8EEF6FF1E26621D00F0ED1F /* scale_neon64.cc */; };
		D8EEF72E1E26621D00F0ED1F /* scale_win.cc in Sources */ = {isa = PBXBuildFile; fileRef = D8EEF7001E26621D00F0ED1F /* scale_win.cc */; };
		D8EEF72F1E26621D00F0ED1F /* video_common.cc in Sources */ = {isa = PBXBuildFile; fileRef = D8EEF7011E26621D00F0ED1F /* video_common.cc */; };
/* End PBXBuildFile section */

/* Begin PBXCopyFilesBuildPhase section */
		D8DBCA5A1C7894A300669A0A /* CopyFiles */ = {
			isa = PBXCopyFilesBuildPhase;
			buildActionMask = 2147483647;
			dstPath = "include/$(PRODUCT_NAME)";
			dstSubfolderSpec = 16;
			files = (
			);
			runOnlyForDeploymentPostprocessing = 0;
		};
/* End PBXCopyFilesBuildPhase section */

/* Begin PBXFileReference section */
		D8DBCA5C1C7894A300669A0A /* libyuv.a */ = {isa = PBXFileReference; explicitFileType = archive.ar; includeInIndex = 0; path = libyuv.a; sourceTree = BUILT_PRODUCTS_DIR; };
		D8EEF6D41E26621D00F0ED1F /* compare.cc */ = {isa = PBXFileReference; fileEncoding = 4; lastKnownFileType = sourcecode.cpp.cpp; path = compare.cc; sourceTree = "<group>"; };
		D8EEF6D51E26621D00F0ED1F /* compare_common.cc */ = {isa = PBXFileReference; fileEncoding = 4; lastKnownFileType = sourcecode.cpp.cpp; path = compare_common.cc; sourceTree = "<group>"; };
		D8EEF6D61E26621D00F0ED1F /* compare_gcc.cc */ = {isa = PBXFileReference; fileEncoding = 4; lastKnownFileType = sourcecode.cpp.cpp; path = compare_gcc.cc; sourceTree = "<group>"; };
		D8EEF6D71E26621D00F0ED1F /* compare_neon.cc */ = {isa = PBXFileReference; fileEncoding = 4; lastKnownFileType = sourcecode.cpp.cpp; path = compare_neon.cc; sourceTree = "<group>"; };
		D8EEF6D81E26621D00F0ED1F /* compare_neon64.cc */ = {isa = PBXFileReference; fileEncoding = 4; lastKnownFileType = sourcecode.cpp.cpp; path = compare_neon64.cc; sourceTree = "<group>"; };
		D8EEF6D91E26621D00F0ED1F /* compare_win.cc */ = {isa = PBXFileReference; fileEncoding = 4; lastKnownFileType = sourcecode.cpp.cpp; path = compare_win.cc; sourceTree = "<group>"; };
		D8EEF6DA1E26621D00F0ED1F /* convert.cc */ = {isa = PBXFileReference; fileEncoding = 4; lastKnownFileType = sourcecode.cpp.cpp; path = convert.cc; sourceTree = "<group>"; };
		D8EEF6DB1E26621D00F0ED1F /* convert_argb.cc */ = {isa = PBXFileReference; fileEncoding = 4; lastKnownFileType = sourcecode.cpp.cpp; path = convert_argb.cc; sourceTree = "<group>"; };
		D8EEF6DC1E26621D00F0ED1F /* convert_from.cc */ = {isa = PBXFileReference; fileEncoding = 4; lastKnownFileType = sourcecode.cpp.cpp; path = convert_from.cc; sourceTree = "<group>"; };
		D8EEF6DD1E26621D00F0ED1F /* convert_from_argb.cc */ = {isa = PBXFileReference; fileEncoding = 4; lastKnownFileType = sourcecode.cpp.cpp; path = convert_from_argb.cc; sourceTree = "<group>"; };
		D8EEF6DE1E26621D00F0ED1F /* convert_jpeg.cc */ = {isa = PBXFileReference; fileEncoding = 4; lastKnownFileType = sourcecode.cpp.cpp; path = convert_jpeg.cc; sourceTree = "<group>"; };
		D8EEF6DF1E26621D00F0ED1F /* convert_to_argb.cc */ = {isa = PBXFileReference; fileEncoding = 4; lastKnownFileType = sourcecode.cpp.cpp; path = convert_to_argb.cc; sourceTree = "<group>"; };
		D8EEF6E01E26621D00F0ED1F /* convert_to_i420.cc */ = {isa = PBXFileReference; fileEncoding = 4; lastKnownFileType = sourcecode.cpp.cpp; path = convert_to_i420.cc; sourceTree = "<group>"; };
		D8EEF6E11E26621D00F0ED1F /* cpu_id.cc */ = {isa = PBXFileReference; fileEncoding = 4; lastKnownFileType = sourcecode.cpp.cpp; path = cpu_id.cc; sourceTree = "<group>"; };
		D8EEF6E21E26621D00F0ED1F /* mjpeg_decoder.cc */ = {isa = PBXFileReference; fileEncoding = 4; lastKnownFileType = sourcecode.cpp.cpp; path = mjpeg_decoder.cc; sourceTree = "<group>"; };
		D8EEF6E31E26621D00F0ED1F /* mjpeg_validate.cc */ = {isa = PBXFileReference; fileEncoding = 4; lastKnownFileType = sourcecode.cpp.cpp; path = mjpeg_validate.cc; sourceTree = "<group>"; };
		D8EEF6E41E26621D00F0ED1F /* planar_functions.cc */ = {isa = PBXFileReference; fileEncoding = 4; lastKnownFileType = sourcecode.cpp.cpp; path = planar_functions.cc; sourceTree = "<group>"; };
		D8EEF6E51E26621D00F0ED1F /* rotate.cc */ = {isa = PBXFileReference; fileEncoding = 4; lastKnownFileType = sourcecode.cpp.cpp; path = rotate.cc; sourceTree = "<group>"; };
		D8EEF6E61E26621D00F0ED1F /* rotate_any.cc */ = {isa = PBXFileReference; fileEncoding = 4; lastKnownFileType = sourcecode.cpp.cpp; path = rotate_any.cc; sourceTree = "<group>"; };
		D8EEF6E71E26621D00F0ED1F /* rotate_argb.cc */ = {isa = PBXFileReference; fileEncoding = 4; lastKnownFileType = sourcecode.cpp.cpp; path = rotate_argb.cc; sourceTree = "<group>"; };
		D8EEF6E81E26621D00F0ED1F /* rotate_common.cc */ = {isa = PBXFileReference; fileEncoding = 4; lastKnownFileType = sourcecode.cpp.cpp; path = rotate_common.cc; sourceTree = "<group>"; };
		D8EEF6E91E26621D00F0ED1F /* rotate_gcc.cc */ = {isa = PBXFileReference; fileEncoding = 4; lastKnownFileType = sourcecode.cpp.cpp; path = rotate_gcc.cc; sourceTree = "<group>"; };
		D8EEF6EA1E26621D00F0ED1F /* rotate_mips.cc */ = {isa = PBXFileReference; fileEncoding = 4; lastKnownFileType = sourcecode.cpp.cpp; path = rotate_mips.cc; sourceTree = "<group>"; };
		D8EEF6EB1E26621D00F0ED1F /* rotate_msa.cc */ = {isa = PBXFileReference; fileEncoding = 4; lastKnownFileType = sourcecode.cpp.cpp; path = rotate_msa.cc; sourceTree = "<group>"; };
		D8EEF6EC1E26621D00F0ED1F /* rotate_neon.cc */ = {isa = PBXFileReference; fileEncoding = 4; lastKnownFileType = sourcecode.cpp.cpp; path = rotate_neon.cc; sourceTree = "<group>"; };
		D8EEF6ED1E26621D00F0ED1F /* rotate_neon64.cc */ = {isa = PBXFileReference; fileEncoding = 4; lastKnownFileType = sourcecode.cpp.cpp; path = rotate_neon64.cc; sourceTree = "<group>"; };
		D8EEF6EE1E26621D00F0ED1F /* rotate_win.cc */ = {isa = PBXFileReference; fileEncoding = 4; lastKnownFileType = sourcecode.cpp.cpp; path = rotate_win.cc; sourceTree = "<group>"; };
		D8EEF6EF1E26621D00F0ED1F /* row_any.cc */ = {isa = PBXFileReference; fileEncoding = 4; lastKnownFileType = sourcecode.cpp.cpp; path = row_any.cc; sourceTree = "<group>"; };
		D8EEF6F01E26621D00F0ED1F /* row_common.cc */ = {isa = PBXFileReference; fileEncoding = 4; lastKnownFileType = sourcecode.cpp.cpp; path = row_common.cc; sourceTree = "<group>"; };
		D8EEF6F11E26621D00F0ED1F /* row_gcc.cc */ = {isa = PBXFileReference; fileEncoding = 4; lastKnownFileType = sourcecode.cpp.cpp; path = row_gcc.cc; sourceTree = "<group>"; };
		D8EEF6F21E26621D00F0ED1F /* row_mips.cc */ = {isa = PBXFileReference; fileEncoding = 4; lastKnownFileType = sourcecode.cpp.cpp; path = row_mips.cc; sourceTree = "<group>"; };
		D8EEF6F31E26621D00F0ED1F /* row_msa.cc */ = {isa = PBXFileReference; fileEncoding = 4; lastKnownFileType = sourcecode.cpp.cpp; path = row_msa.cc; sourceTree = "<group>"; };
		D8EEF6F41E26621D00F0ED1F /* row_neon.cc */ = {isa = PBXFileReference; fileEncoding = 4; lastKnownFileType = sourcecode.cpp.cpp; path = row_neon.cc; sourceTree = "<group>"; };
		D8EEF6F51E26621D00F0ED1F /* row_neon64.cc */ = {isa = PBXFileReference; fileEncoding = 4; lastKnownFileType = sourcecode.cpp.cpp; path = row_neon64.cc; sourceTree = "<group>"; };
		D8EEF6F61E26621D00F0ED1F /* row_win.cc */ = {isa = PBXFileReference; fileEncoding = 4; lastKnownFileType = sourcecode.cpp.cpp; path = row_win.cc; sourceTree = "<group>"; };
		D8EEF6F71E26621D00F0ED1F /* scale.cc */ = {isa = PBXFileReference; fileEncoding = 4; lastKnownFileType = sourcecode.cpp.cpp; path = scale.cc; sourceTree = "<group>"; };
		D8EEF6F81E26621D00F0ED1F /* scale_any.cc */ = {isa = PBXFileReference; fileEncoding = 4; lastKnownFileType = sourcecode.cpp.cpp; path = scale_any.cc; sourceTree = "<group>"; };
		D8EEF6F91E26621D00F0ED1F /* scale_argb.cc */ = {isa = PBXFileReference; fileEncoding = 4; lastKnownFileType = sourcecode.cpp.cpp; path = scale_argb.cc; sourceTree = "<group>"; };
		D8EEF6FA1E26621D00F0ED1F /* scale_common.cc */ = {isa = PBXFileReference; fileEncoding = 4; lastKnownFileType = sourcecode.cpp.cpp; path = scale_common.cc; sourceTree = "<group>"; };
		D8EEF6FB1E26621D00F0ED1F /* scale_gcc.cc */ = {isa = PBXFileReference; fileEncoding = 4; lastKnownFileType = sourcecode.cpp.cpp; path = scale_gcc.cc; sourceTree = "<group>"; };
		D8EEF6FC1E26621D00F0ED1F /* scale_mips.cc */ = {isa = PBXFileReference; fileEncoding = 4; lastKnownFileType = sourcecode.cpp.cpp; path = scale_mips.cc; sourceTree = "<group>"; };
		D8EEF6FD1E26621D00F0ED1F /* scale_msa.cc */ = {isa = PBXFileReference; fileEncoding = 4; lastKnownFileType = sourcecode.cpp.cpp; path = scale_msa.cc; sourceTree = "<group>"; };
		D8EEF6FE1E26621D00F0ED1F /* scale_neon.cc */ = {isa = PBXFileReference; fileEncoding = 4; lastKnownFileType = sourcecode.cpp.cpp; path = scale_neon.cc; sourceTree = "<group>"; };
		D8EEF6FF1E26621D00F0ED1F /* scale_neon64.cc */ = {isa = PBXFileReference; fileEncoding = 4; lastKnownFileType = sourcecode.cpp.cpp; path = scale_neon64.cc; sourceTree = "<group>"; };
		D8EEF7001E26621D00F0ED1F /* scale_win.cc */ = {isa = PBXFileReference; fileEncoding = 4; lastKnownFileType = sourcecode.cpp.cpp; path = scale_win.cc; sourceTree = "<group>"; };
		D8EEF7011E26621D00F0ED1F /* video_common.cc */ = {isa = PBXFileReference; fileEncoding = 4; lastKnownFileType = sourcecode.cpp.cpp; path = video_common.cc; sourceTree = "<group>"; };
/* End PBXFileReference section */

/* Begin PBXFrameworksBuildPhase section */
		D8DBCA591C7894A300669A0A /* Frameworks */ = {
			isa = PBXFrameworksBuildPhase;
			buildActionMask = 2147483647;
			files = (
			);
			runOnlyForDeploymentPostprocessing = 0;
		};
/* End PBXFrameworksBuildPhase section */

/* Begin PBXGroup section */
		D8DBCA531C7894A300669A0A = {
			isa = PBXGroup;
			children = (
				D8EEF6D31E26621D00F0ED1F /* source */,
				D8DBCA5D1C7894A300669A0A /* Products */,
			);
			sourceTree = "<group>";
		};
		D8DBCA5D1C7894A300669A0A /* Products */ = {
			isa = PBXGroup;
			children = (
				D8DBCA5C1C7894A300669A0A /* libyuv.a */,
			);
			name = Products;
			sourceTree = "<group>";
		};
		D8EEF6D31E26621D00F0ED1F /* source */ = {
			isa = PBXGroup;
			children = (
				D8EEF6D41E26621D00F0ED1F /* compare.cc */,
				D8EEF6D51E26621D00F0ED1F /* compare_common.cc */,
				D8EEF6D61E26621D00F0ED1F /* compare_gcc.cc */,
				D8EEF6D71E26621D00F0ED1F /* compare_neon.cc */,
				D8EEF6D81E26621D00F0ED1F /* compare_neon64.cc */,
				D8EEF6D91E26621D00F0ED1F /* compare_win.cc */,
				D8EEF6DA1E26621D00F0ED1F /* convert.cc */,
				D8EEF6DB1E26621D00F0ED1F /* convert_argb.cc */,
				D8EEF6DC1E26621D00F0ED1F /* convert_from.cc */,
				D8EEF6DD1E26621D00F0ED1F /* convert_from_argb.cc */,
				D8EEF6DE1E26621D00F0ED1F /* convert_jpeg.cc */,
				D8EEF6DF1E26621D00F0ED1F /* convert_to_argb.cc */,
				D8EEF6E01E26621D00F0ED1F /* convert_to_i420.cc */,
				D8EEF6E11E26621D00F0ED1F /* cpu_id.cc */,
				D8EEF6E21E26621D00F0ED1F /* mjpeg_decoder.cc */,
				D8EEF6E31E26621D00F0ED1F /* mjpeg_validate.cc */,
				D8EEF6E41E26621D00F0ED1F /* planar_functions.cc */,
				D8EEF6E51E26621D00F0ED1F /* rotate.cc */,
				D8EEF6E61E26621D00F0ED1F /* rotate_any.cc */,
				D8EEF6E71E26621D00F0ED1F /* rotate_argb.cc */,
				D8EEF6E81E26621D00F0ED1F /* rotate_common.cc */,
				D8EEF6E91E26621D00F0ED1F /* rotate_gcc.cc */,
				D8EEF6EA1E26621D00F0ED1F /* rotate_mips.cc */,
				D8EEF6EB1E26621D00F0ED1F /* rotate_msa.cc */,
				D8EEF6EC1E26621D00F0ED1F /* rotate_neon.cc */,
				D8EEF6ED1E26621D00F0ED1F /* rotate_neon64.cc */,
				D8EEF6EE1E26621D00F0ED1F /* rotate_win.cc */,
				D8EEF6EF1E26621D00F0ED1F /* row_any.cc */,
				D8EEF6F01E26621D00F0ED1F /* row_common.cc */,
				D8EEF6F11E26621D00F0ED1F /* row_gcc.cc */,
				D8EEF6F21E26621D00F0ED1F /* row_mips.cc */,
				D8EEF6F31E26621D00F0ED1F /* row_msa.cc */,
				D8EEF6F41E26621D00F0ED1F /* row_neon.cc */,
				D8EEF6F51E26621D00F0ED1F /* row_neon64.cc */,
				D8EEF6F61E26621D00F0ED1F /* row_win.cc */,
				D8EEF6F71E26621D00F0ED1F /* scale.cc */,
				D8EEF6F81E26621D00F0ED1F /* scale_any.cc */,
				D8EEF6F91E26621D00F0ED1F /* scale_argb.cc */,
				D8EEF6FA1E26621D00F0ED1F /* scale_common.cc */,
				D8EEF6FB1E26621D00F0ED1F /* scale_gcc.cc */,
				D8EEF6FC1E26621D00F0ED1F /* scale_mips.cc */,
				D8EEF6FD1E26621D00F0ED1F /* scale_msa.cc */,
				D8EEF6FE1E26621D00F0ED1F /* scale_neon.cc */,
				D8EEF6FF1E26621D00F0ED1F /* scale_neon64.cc */,
				D8EEF7001E26621D00F0ED1F /* scale_win.cc */,
				D8EEF7011E26621D00F0ED1F /* video_common.cc */,
			);
			path = source;
			sourceTree = "<group>";
		};
/* End PBXGroup section */

/* Begin PBXNativeTarget section */
		D8DBCA5B1C7894A300669A0A /* yuv */ = {
			isa = PBXNativeTarget;
			buildConfigurationList = D8DBCA651C7894A300669A0A /* Build configuration list for PBXNativeTarget "yuv" */;
			buildPhases = (
				D8DBCA581C7894A300669A0A /* Sources */,
				D8DBCA591C7894A300669A0A /* Frameworks */,
				D8DBCA5A1C7894A300669A0A /* CopyFiles */,
			);
			buildRules = (
			);
			dependencies = (
			);
			name = yuv;
			productName = yuv;
			productReference = D8DBCA5C1C7894A300669A0A /* libyuv.a */;
			productType = "com.apple.product-type.library.static";
		};
/* End PBXNativeTarget section */

/* Begin PBXProject section */
		D8DBCA541C7894A300669A0A /* Project object */ = {
			isa = PBXProject;
			attributes = {
				LastUpgradeCheck = 0810;
				ORGANIZATIONNAME = Google;
				TargetAttributes = {
					D8DBCA5B1C7894A300669A0A = {
						CreatedOnToolsVersion = 7.2.1;
					};
				};
			};
			buildConfigurationList = D8DBCA571C7894A300669A0A /* Build configuration list for PBXProject "yuv" */;
			compatibilityVersion = "Xcode 3.2";
			developmentRegion = English;
			hasScannedForEncodings = 0;
			knownRegions = (
				English,
				en,
			);
			mainGroup = D8DBCA531C7894A300669A0A;
			productRefGroup = D8DBCA5D1C7894A300669A0A /* Products */;
			projectDirPath = "";
			projectRoot = "";
			targets = (
				D8DBCA5B1C7894A300669A0A /* yuv */,
			);
		};
/* End PBXProject section */

/* Begin PBXSourcesBuildPhase section */
		D8DBCA581C7894A300669A0A /* Sources */ = {
			isa = PBXSourcesBuildPhase;
			buildActionMask = 2147483647;
			files = (
				D8EEF7231E26621D00F0ED1F /* row_neon64.cc in Sources */,
				D8EEF7031E26621D00F0ED1F /* compare_common.cc in Sources */,
				D8EEF7201E26621D00F0ED1F /* row_mips.cc in Sources */,
				D8EEF72A1E26621D00F0ED1F /* scale_mips.cc in Sources */,
				D8EEF7261E26621D00F0ED1F /* scale_any.cc in Sources */,
				D8EEF71E1E26621D00F0ED1F /* row_common.cc in Sources */,
				D8EEF71D1E26621D00F0ED1F /* row_any.cc in Sources */,
				D8EEF7111E26621D00F0ED1F /* mjpeg_validate.cc in Sources */,
				D8EEF72D1E26621D00F0ED1F /* scale_neon64.cc in Sources */,
				D8EEF70C1E26621D00F0ED1F /* convert_jpeg.cc in Sources */,
				D8EEF72F1E26621D00F0ED1F /* video_common.cc in Sources */,
				D8EEF7221E26621D00F0ED1F /* row_neon.cc in Sources */,
				D8EEF7051E26621D00F0ED1F /* compare_neon.cc in Sources */,
				D8EEF7271E26621D00F0ED1F /* scale_argb.cc in Sources */,
				D8EEF7181E26621D00F0ED1F /* rotate_mips.cc in Sources */,
				D8EEF7291E26621D00F0ED1F /* scale_gcc.cc in Sources */,
				D8EEF7061E26621D00F0ED1F /* compare_neon64.cc in Sources */,
				D8EEF7081E26621D00F0ED1F /* convert.cc in Sources */,
				D8EEF70E1E26621D00F0ED1F /* convert_to_i420.cc in Sources */,
				D8EEF71F1E26621D00F0ED1F /* row_gcc.cc in Sources */,
				D8EEF7161E26621D00F0ED1F /* rotate_common.cc in Sources */,
				D8EEF7171E26621D00F0ED1F /* rotate_gcc.cc in Sources */,
				D8EEF72C1E26621D00F0ED1F /* scale_neon.cc in Sources */,
				D8EEF7041E26621D00F0ED1F /* compare_gcc.cc in Sources */,
				D8EEF7121E26621D00F0ED1F /* planar_functions.cc in Sources */,
				D8EEF72B1E26621D00F0ED1F /* scale_msa.cc in Sources */,
				D8EEF70B1E26621D00F0ED1F /* convert_from_argb.cc in Sources */,
				D8EEF70A1E26621D00F0ED1F /* convert_from.cc in Sources */,
				D8EEF7251E26621D00F0ED1F /* scale.cc in Sources */,
				D8EEF7241E26621D00F0ED1F /* row_win.cc in Sources */,
				D8EEF7141E26621D00F0ED1F /* rotate_any.cc in Sources */,
				D8EEF7151E26621D00F0ED1F /* rotate_argb.cc in Sources */,
				D8EEF71B1E26621D00F0ED1F /* rotate_neon64.cc in Sources */,
				D8EEF7191E26621D00F0ED1F /* rotate_msa.cc in Sources */,
				D8EEF7211E26621D00F0ED1F /* row_msa.cc in Sources */,
				D8EEF71A1E26621D00F0ED1F /* rotate_neon.cc in Sources */,
				D8EEF71C1E26621D00F0ED1F /* rotate_win.cc in Sources */,
				D8EEF7101E26621D00F0ED1F /* mjpeg_decoder.cc in Sources */,
				D8EEF7131E26621D00F0ED1F /* rotate.cc in Sources */,
				D8EEF72E1E26621D00F0ED1F /* scale_win.cc in Sources */,
				D8EEF70D1E26621D00F0ED1F /* convert_to_argb.cc in Sources */,
				D8EEF7071E26621D00F0ED1F /* compare_win.cc in Sources */,
				D8EEF7021E26621D00F0ED1F /* compare.cc in Sources */,
				D8EEF7091E26621D00F0ED1F /* convert_argb.cc in Sources */,
				D8EEF7281E26621D00F0ED1F /* scale_common.cc in Sources */,
				D8EEF70F1E26621D00F0ED1F /* cpu_id.cc in Sources */,
			);
			runOnlyForDeploymentPostprocessing = 0;
		};
/* End PBXSourcesBuildPhase section */

/* Begin XCBuildConfiguration section */
		D8DBCA631C7894A300669A0A /* Debug */ = {
			isa = XCBuildConfiguration;
			buildSettings = {
				ALWAYS_SEARCH_USER_PATHS = NO;
				ARCHS = "$(ARCHS_STANDARD)";
				CLANG_CXX_LANGUAGE_STANDARD = "gnu++0x";
				CLANG_CXX_LIBRARY = "libc++";
				CLANG_ENABLE_MODULES = YES;
				CLANG_ENABLE_OBJC_ARC = YES;
				CLANG_WARN_BOOL_CONVERSION = YES;
				CLANG_WARN_CONSTANT_CONVERSION = YES;
				CLANG_WARN_DIRECT_OBJC_ISA_USAGE = YES_ERROR;
				CLANG_WARN_EMPTY_BODY = YES;
				CLANG_WARN_ENUM_CONVERSION = YES;
				CLANG_WARN_INFINITE_RECURSION = YES;
				CLANG_WARN_INT_CONVERSION = YES;
				CLANG_WARN_OBJC_ROOT_CLASS = YES_ERROR;
				CLANG_WARN_SUSPICIOUS_MOVE = YES;
				CLANG_WARN_UNREACHABLE_CODE = YES;
				CLANG_WARN__DUPLICATE_METHOD_MATCH = YES;
				"CODE_SIGN_IDENTITY[sdk=iphoneos*]" = "iPhone Developer";
				COPY_PHASE_STRIP = NO;
				DEBUG_INFORMATION_FORMAT = dwarf;
				ENABLE_STRICT_OBJC_MSGSEND = YES;
				ENABLE_TESTABILITY = YES;
				GCC_C_LANGUAGE_STANDARD = gnu99;
				GCC_DYNAMIC_NO_PIC = NO;
				GCC_NO_COMMON_BLOCKS = YES;
				GCC_OPTIMIZATION_LEVEL = 0;
				GCC_PREPROCESSOR_DEFINITIONS = (
					"DEBUG=1",
					"$(inherited)",
				);
				GCC_WARN_64_TO_32_BIT_CONVERSION = YES;
				GCC_WARN_ABOUT_RETURN_TYPE = YES_ERROR;
				GCC_WARN_UNDECLARED_SELECTOR = YES;
				GCC_WARN_UNINITIALIZED_AUTOS = YES_AGGRESSIVE;
				GCC_WARN_UNUSED_FUNCTION = YES;
				GCC_WARN_UNUSED_VARIABLE = YES;
				HEADER_SEARCH_PATHS = include;
				IPHONEOS_DEPLOYMENT_TARGET = 11.0;
				MTL_ENABLE_DEBUG_INFO = YES;
				ONLY_ACTIVE_ARCH = YES;
				OTHER_CFLAGS = "";
				SDKROOT = iphoneos;
				VALID_ARCHS = "arm64 x86_64";
			};
			name = Debug;
		};
		D8DBCA641C7894A300669A0A /* Release */ = {
			isa = XCBuildConfiguration;
			buildSettings = {
				ALWAYS_SEARCH_USER_PATHS = NO;
				ARCHS = "$(ARCHS_STANDARD)";
				CLANG_CXX_LANGUAGE_STANDARD = "gnu++0x";
				CLANG_CXX_LIBRARY = "libc++";
				CLANG_ENABLE_MODULES = YES;
				CLANG_ENABLE_OBJC_ARC = YES;
				CLANG_WARN_BOOL_CONVERSION = YES;
				CLANG_WARN_CONSTANT_CONVERSION = YES;
				CLANG_WARN_DIRECT_OBJC_ISA_USAGE = YES_ERROR;
				CLANG_WARN_EMPTY_BODY = YES;
				CLANG_WARN_ENUM_CONVERSION = YES;
				CLANG_WARN_INFINITE_RECURSION = YES;
				CLANG_WARN_INT_CONVERSION = YES;
				CLANG_WARN_OBJC_ROOT_CLASS = YES_ERROR;
				CLANG_WARN_SUSPICIOUS_MOVE = YES;
				CLANG_WARN_UNREACHABLE_CODE = YES;
				CLANG_WARN__DUPLICATE_METHOD_MATCH = YES;
				"CODE_SIGN_IDENTITY[sdk=iphoneos*]" = "iPhone Developer";
				COPY_PHASE_STRIP = NO;
				DEBUG_INFORMATION_FORMAT = "dwarf-with-dsym";
				ENABLE_NS_ASSERTIONS = NO;
				ENABLE_STRICT_OBJC_MSGSEND = YES;
				GCC_C_LANGUAGE_STANDARD = gnu99;
				GCC_NO_COMMON_BLOCKS = YES;
				GCC_WARN_64_TO_32_BIT_CONVERSION = YES;
				GCC_WARN_ABOUT_RETURN_TYPE = YES_ERROR;
				GCC_WARN_UNDECLARED_SELECTOR = YES;
				GCC_WARN_UNINITIALIZED_AUTOS = YES_AGGRESSIVE;
				GCC_WARN_UNUSED_FUNCTION = YES;
				GCC_WARN_UNUSED_VARIABLE = YES;
				HEADER_SEARCH_PATHS = include;
				IPHONEOS_DEPLOYMENT_TARGET = 11.0;
				MTL_ENABLE_DEBUG_INFO = NO;
				OTHER_CFLAGS = "";
				SDKROOT = iphoneos;
				VALIDATE_PRODUCT = YES;
				VALID_ARCHS = "arm64 x86_64";
			};
			name = Release;
		};
		D8DBCA661C7894A300669A0A /* Debug */ = {
			isa = XCBuildConfiguration;
			buildSettings = {
				ARCHS = "$(ARCHS_STANDARD)";
				OTHER_CFLAGS = "-fembed-bitcode";
				OTHER_LDFLAGS = "-ObjC";
				PRODUCT_NAME = "$(TARGET_NAME)";
				SKIP_INSTALL = YES;
			};
			name = Debug;
		};
		D8DBCA671C7894A300669A0A /* Release */ = {
			isa = XCBuildConfiguration;
			buildSettings = {
				ARCHS = "$(ARCHS_STANDARD)";
				OTHER_CFLAGS = "-fembed-bitcode";
				OTHER_LDFLAGS = "-ObjC";
				PRODUCT_NAME = "$(TARGET_NAME)";
				SKIP_INSTALL = YES;
			};
			name = Release;
		};
/* End XCBuildConfiguration section */

/* Begin XCConfigurationList section */
		D8DBCA571C7894A300669A0A /* Build configuration list for PBXProject "yuv" */ = {
			isa = XCConfigurationList;
			buildConfigurations = (
				D8DBCA631C7894A300669A0A /* Debug */,
				D8DBCA641C7894A300669A0A /* Release */,
			);
			defaultConfigurationIsVisible = 0;
			defaultConfigurationName = Release;
		};
		D8DBCA651C7894A300669A0A /* Build configuration list for PBXNativeTarget "yuv" */ = {
			isa = XCConfigurationList;
			buildConfigurations = (
				D8DBCA661C7894A300669A0A /* Debug */,
				D8DBCA671C7894A300669A0A /* Release */,
			);
			defaultConfigurationIsVisible = 0;
			defaultConfigurationName = Release;
		};
/* End XCConfigurationList section */
	};
	rootObject = D8DBCA541C7894A300669A0A /* Project object */;
}
